
Microsoft Visual Studio Solution File, Format Version 12.00
# Visual Studio Version 16
VisualStudioVersion = 16.0.30717.126
MinimumVisualStudioVersion = 10.0.40219.1
Project("{9A19103F-16F7-4668-BE54-9A1E7A4F7556}") = "ProjectTesting", "ProjectTesting\ProjectTesting.csproj", "{4FA20340-0D52-4EE6-87D5-CBEAC596048A}"
EndProject
Global
	GlobalSection(SolutionConfigurationPlatforms) = preSolution
		Debug|Any CPU = Debug|Any CPU
		Release|Any CPU = Release|Any CPU
	EndGlobalSection
	GlobalSection(ProjectConfigurationPlatforms) = postSolution
		{4FA20340-0D52-4EE6-87D5-CBEAC596048A}.Debug|Any CPU.ActiveCfg = Debug|Any CPU
		{4FA20340-0D52-4EE6-87D5-CBEAC596048A}.Debug|Any CPU.Build.0 = Debug|Any CPU
		{4FA20340-0D52-4EE6-87D5-CBEAC596048A}.Release|Any CPU.ActiveCfg = Release|Any CPU
		{4FA20340-0D52-4EE6-87D5-CBEAC596048A}.Release|Any CPU.Build.0 = Release|Any CPU
	EndGlobalSection
	GlobalSection(SolutionProperties) = preSolution
		HideSolutionNode = FALSE
	EndGlobalSection
	GlobalSection(ExtensibilityGlobals) = postSolution
		SolutionGuid = {8BA5AAF5-06E5-460B-831C-AE32171DC556}
	EndGlobalSection
EndGlobal
